
Microsoft Visual Studio Solution File, Format Version 12.00
# Visual Studio 2012
Project("{9344BDBB-3E7F-41FC-A0DD-8665D75EE146}") = "new", "new.mdproj", "{E7BD26DC-7B2C-4AD4-916F-13F99FBC2667}"
EndProject
Global
	GlobalSection(SolutionConfigurationPlatforms) = preSolution
		Default|Any CPU = Default|Any CPU
	EndGlobalSection
	GlobalSection(ProjectConfigurationPlatforms) = postSolution
		{E7BD26DC-7B2C-4AD4-916F-13F99FBC2667}.Default|Any CPU.ActiveCfg = Default|Any CPU
		{E7BD26DC-7B2C-4AD4-916F-13F99FBC2667}.Default|Any CPU.Build.0 = Default|Any CPU
	EndGlobalSection
EndGlobal
